
Microsoft Visual Studio Solution File, Format Version 12.00
# Visual Studio Version 17
VisualStudioVersion = 17.7.34009.444
MinimumVisualStudioVersion = 10.0.40219.1
Project("{FAE04EC0-301F-11D3-BF4B-00C04F79EFBC}") = "Lap1", "Lap1\Lap1.csproj", "{8301D2CA-BDD4-4518-832D-513A501E347D}"
EndProject
Global
	GlobalSection(SolutionConfigurationPlatforms) = preSolution
		Debug|Any CPU = Debug|Any CPU
		Release|Any CPU = Release|Any CPU
	EndGlobalSection
	GlobalSection(ProjectConfigurationPlatforms) = postSolution
		{8301D2CA-BDD4-4518-832D-513A501E347D}.Debug|Any CPU.ActiveCfg = Debug|Any CPU
		{8301D2CA-BDD4-4518-832D-513A501E347D}.Debug|Any CPU.Build.0 = Debug|Any CPU
		{8301D2CA-BDD4-4518-832D-513A501E347D}.Release|Any CPU.ActiveCfg = Release|Any CPU
		{8301D2CA-BDD4-4518-832D-513A501E347D}.Release|Any CPU.Build.0 = Release|Any CPU
	EndGlobalSection
	GlobalSection(SolutionProperties) = preSolution
		HideSolutionNode = FALSE
	EndGlobalSection
	GlobalSection(ExtensibilityGlobals) = postSolution
		SolutionGuid = {11EBFB4E-750E-4E79-96C2-6FAE67A385A6}
	EndGlobalSection
EndGlobal
